{
  "name": "plaudcli",
  "version": "0.3.0",
  "lockfileVersion": 3,
  "requires": true,
  "packages": {
    "": {
      "name": "plaudcli",
      "version": "0.3.0",
      "license": "MIT",
      "bin": {
        "plaudcli": "plaudcli.js"
      },
      "engines": {
        "node": ">=22"
      }
    }
  }
}
